
Microsoft Visual Studio Solution File, Format Version 12.00
# Visual Studio Version 16
VisualStudioVersion = 16.0.31025.218
MinimumVisualStudioVersion = 10.0.40219.1
Project("{9A19103F-16F7-4668-BE54-9A1E7A4F7556}") = "Import", "KafkaSnapshot\Import.csproj", "{639297E3-6709-4E8A-8985-8FF788303A1F}"
EndProject
Project("{9A19103F-16F7-4668-BE54-9A1E7A4F7556}") = "ConsoleLoaderUtility", "ConsoleLoaderUtility\ConsoleLoaderUtility.csproj", "{163306E5-01D2-48F0-97B7-CA56CD4F3BA1}"
EndProject
Project("{9A19103F-16F7-4668-BE54-9A1E7A4F7556}") = "Export", "Export\Export.csproj", "{D3B7942C-FE76-446F-A962-29267D1241E5}"
EndProject
Project("{9A19103F-16F7-4668-BE54-9A1E7A4F7556}") = "Tool", "Tool\Tool.csproj", "{6BF3408F-E65E-4937-8495-F99C1EAB4E4F}"
EndProject
Project("{9A19103F-16F7-4668-BE54-9A1E7A4F7556}") = "Abstractions", "Abstractions\Abstractions.csproj", "{E7CEA140-E534-4CDF-A524-4CB21CB1E791}"
EndProject
Project("{9A19103F-16F7-4668-BE54-9A1E7A4F7556}") = "Models", "Models\Models.csproj", "{C064AADC-A772-49A3-A0EF-B5A1FD2B0071}"
EndProject
Global
	GlobalSection(SolutionConfigurationPlatforms) = preSolution
		Debug|x64 = Debug|x64
		Release|x64 = Release|x64
	EndGlobalSection
	GlobalSection(ProjectConfigurationPlatforms) = postSolution
		{639297E3-6709-4E8A-8985-8FF788303A1F}.Debug|x64.ActiveCfg = Debug|x64
		{639297E3-6709-4E8A-8985-8FF788303A1F}.Debug|x64.Build.0 = Debug|x64
		{639297E3-6709-4E8A-8985-8FF788303A1F}.Release|x64.ActiveCfg = Release|x64
		{639297E3-6709-4E8A-8985-8FF788303A1F}.Release|x64.Build.0 = Release|x64
		{163306E5-01D2-48F0-97B7-CA56CD4F3BA1}.Debug|x64.ActiveCfg = Debug|x64
		{163306E5-01D2-48F0-97B7-CA56CD4F3BA1}.Debug|x64.Build.0 = Debug|x64
		{163306E5-01D2-48F0-97B7-CA56CD4F3BA1}.Release|x64.ActiveCfg = Release|x64
		{163306E5-01D2-48F0-97B7-CA56CD4F3BA1}.Release|x64.Build.0 = Release|x64
		{D3B7942C-FE76-446F-A962-29267D1241E5}.Debug|x64.ActiveCfg = Debug|x64
		{D3B7942C-FE76-446F-A962-29267D1241E5}.Debug|x64.Build.0 = Debug|x64
		{D3B7942C-FE76-446F-A962-29267D1241E5}.Release|x64.ActiveCfg = Release|x64
		{D3B7942C-FE76-446F-A962-29267D1241E5}.Release|x64.Build.0 = Release|x64
		{6BF3408F-E65E-4937-8495-F99C1EAB4E4F}.Debug|x64.ActiveCfg = Debug|x64
		{6BF3408F-E65E-4937-8495-F99C1EAB4E4F}.Debug|x64.Build.0 = Debug|x64
		{6BF3408F-E65E-4937-8495-F99C1EAB4E4F}.Release|x64.ActiveCfg = Release|x64
		{6BF3408F-E65E-4937-8495-F99C1EAB4E4F}.Release|x64.Build.0 = Release|x64
		{E7CEA140-E534-4CDF-A524-4CB21CB1E791}.Debug|x64.ActiveCfg = Debug|x64
		{E7CEA140-E534-4CDF-A524-4CB21CB1E791}.Debug|x64.Build.0 = Debug|x64
		{E7CEA140-E534-4CDF-A524-4CB21CB1E791}.Release|x64.ActiveCfg = Release|x64
		{E7CEA140-E534-4CDF-A524-4CB21CB1E791}.Release|x64.Build.0 = Release|x64
		{C064AADC-A772-49A3-A0EF-B5A1FD2B0071}.Debug|x64.ActiveCfg = Debug|x64
		{C064AADC-A772-49A3-A0EF-B5A1FD2B0071}.Debug|x64.Build.0 = Debug|x64
		{C064AADC-A772-49A3-A0EF-B5A1FD2B0071}.Release|x64.ActiveCfg = Release|x64
		{C064AADC-A772-49A3-A0EF-B5A1FD2B0071}.Release|x64.Build.0 = Release|x64
	EndGlobalSection
	GlobalSection(SolutionProperties) = preSolution
		HideSolutionNode = FALSE
	EndGlobalSection
	GlobalSection(ExtensibilityGlobals) = postSolution
		SolutionGuid = {96F03FA5-70AB-4519-B679-6061ACE27BDF}
	EndGlobalSection
EndGlobal
